{
  "pins" : [
    {
      "identity" : "ksplayer",
      "kind" : "remoteSourceControl",
      "location" : "https://github.com/kingslay/KSPlayer.git",
      "state" : {
        "branch" : "develop",
        "revision" : "2802579ad8d09b40037c7ea87d59320a00de8fdb"
      }
    }
  ],
  "version" : 2
}
